# This file is automatically @generated by Cargo.
# It is not intended for manual editing.
version = 4

[[package]]
name = "forge-cli"
version = "0.1.0"
dependencies = [
 "forge-core",
 "forge-doctor",
]

[[package]]
name = "forge-core"
version = "0.1.0"

[[package]]
name = "forge-doctor"
version = "0.1.0"
dependencies = [
 "forge-core",
 "forge-hardware",
 "forge-host",
]

[[package]]
name = "forge-hardware"
version = "0.1.0"
dependencies = [
 "forge-core",
]

[[package]]
name = "forge-host"
version = "0.1.0"
dependencies = [
 "forge-core",
]
